
Microsoft Visual Studio Solution File, Format Version 12.00
# Visual Studio Version 17
VisualStudioVersion = 17.7.34024.191
MinimumVisualStudioVersion = 10.0.40219.1
Project("{9A19103F-16F7-4668-BE54-9A1E7A4F7556}") = "GrpcConsoleClient", "GrpcConsoleClient\GrpcConsoleClient.csproj", "{5AEFC7D0-09C5-43FA-BDFD-7BD7BC758D2E}"
EndProject
Project("{9A19103F-16F7-4668-BE54-9A1E7A4F7556}") = "GrpcWpfClient", "GrpcWpfClient\GrpcWpfClient.csproj", "{396DA240-F2CC-4138-AA49-2541700F0235}"
EndProject
Project("{9A19103F-16F7-4668-BE54-9A1E7A4F7556}") = "GrpcService", "GrpcService\GrpcService.csproj", "{DCB2EA68-7690-4614-AF89-AD07745119AD}"
EndProject
Project("{9A19103F-16F7-4668-BE54-9A1E7A4F7556}") = "GrpcClientLibrary", "GrpcClientLibrary\GrpcClientLibrary.csproj", "{2510C4CA-D153-4D0E-A08F-9F9428CCA9BA}"
EndProject
Global
	GlobalSection(SolutionConfigurationPlatforms) = preSolution
		Debug|Any CPU = Debug|Any CPU
		Release|Any CPU = Release|Any CPU
	EndGlobalSection
	GlobalSection(ProjectConfigurationPlatforms) = postSolution
		{5AEFC7D0-09C5-43FA-BDFD-7BD7BC758D2E}.Debug|Any CPU.ActiveCfg = Debug|Any CPU
		{5AEFC7D0-09C5-43FA-BDFD-7BD7BC758D2E}.Debug|Any CPU.Build.0 = Debug|Any CPU
		{5AEFC7D0-09C5-43FA-BDFD-7BD7BC758D2E}.Release|Any CPU.ActiveCfg = Release|Any CPU
		{5AEFC7D0-09C5-43FA-BDFD-7BD7BC758D2E}.Release|Any CPU.Build.0 = Release|Any CPU
		{396DA240-F2CC-4138-AA49-2541700F0235}.Debug|Any CPU.ActiveCfg = Debug|Any CPU
		{396DA240-F2CC-4138-AA49-2541700F0235}.Debug|Any CPU.Build.0 = Debug|Any CPU
		{396DA240-F2CC-4138-AA49-2541700F0235}.Release|Any CPU.ActiveCfg = Release|Any CPU
		{396DA240-F2CC-4138-AA49-2541700F0235}.Release|Any CPU.Build.0 = Release|Any CPU
		{DCB2EA68-7690-4614-AF89-AD07745119AD}.Debug|Any CPU.ActiveCfg = Debug|Any CPU
		{DCB2EA68-7690-4614-AF89-AD07745119AD}.Debug|Any CPU.Build.0 = Debug|Any CPU
		{DCB2EA68-7690-4614-AF89-AD07745119AD}.Release|Any CPU.ActiveCfg = Release|Any CPU
		{DCB2EA68-7690-4614-AF89-AD07745119AD}.Release|Any CPU.Build.0 = Release|Any CPU
		{2510C4CA-D153-4D0E-A08F-9F9428CCA9BA}.Debug|Any CPU.ActiveCfg = Debug|Any CPU
		{2510C4CA-D153-4D0E-A08F-9F9428CCA9BA}.Debug|Any CPU.Build.0 = Debug|Any CPU
		{2510C4CA-D153-4D0E-A08F-9F9428CCA9BA}.Release|Any CPU.ActiveCfg = Release|Any CPU
		{2510C4CA-D153-4D0E-A08F-9F9428CCA9BA}.Release|Any CPU.Build.0 = Release|Any CPU
	EndGlobalSection
	GlobalSection(SolutionProperties) = preSolution
		HideSolutionNode = FALSE
	EndGlobalSection
	GlobalSection(ExtensibilityGlobals) = postSolution
		SolutionGuid = {E8D3C3EA-9EAC-41E6-9117-A194F9332AD4}
	EndGlobalSection
EndGlobal
